{
  "version": 4,
  "terraform_version": "1.1.8",
  "serial": 8,
  "lineage": "87bc5c99-1eb5-466b-5b95-cb9bd5e5ebc8",
  "outputs": {},
  "resources": [
    {
      "mode": "data",
      "type": "digitalocean_ssh_key",
      "name": "terraform",
      "provider": "provider[\"registry.terraform.io/digitalocean/digitalocean\"]",
      "instances": [
        {
          "schema_version": 0,
          "attributes": {
            "fingerprint": "03:bc:e1:3c:44:20:fb:3c:76:b8:a6:d0:e3:0e:0d:26",
            "id": "34260844",
            "name": "digitalocean",
            "public_key": "ssh-rsa AAAAB3NzaC1yc2EAAAADAQABAAABgQDCG4ESg1MahA26lrfU2gXrN5KE+nyaU7G1K5DJ9l1ykxOrT64aBueXhJvru1r7Lw0WkKQKUyUH0sRWo62H89AuqMPGV6wPwacfqvkY7VvAyoglKoikWbVTFQs1kzNY6tKE5azz/Hi+bd7jWbI9lLBNdhGaHu8Di7wLMp6JIUowv648jld1FBsMLCjFHN5iKpi10G3YFpFF4k6MX2J9tnPmCCfTk1LcI+0GMj701M6c9SF5Q/a0ADcFtYvoeK+ub5zk9h0xYK87zuP66A6RSL/39TLij+A+b9F8MYPAnQSOrkEgSUTsAO+v1BMkjyEqIpS+5j3vUzN3Y2JJcxbcHHGwlBSWfvHk0FGl8QZHmCpfpz1ZEvStft1wNXJFzRMTrc7fV2HV4atr1dLouDTsaOSRLEBu742GGpJ15GZ2XWt6tUUXbVo73Jaagsr43bqu1P7mMYvqOiaV5QR8PM0hhFv5XsC9/AB5Fz/u/fzaDV1Sc/cXPj7ncpvdAtq+uZAlQNc= user@user-Latitude-E5450"
          },
          "sensitive_attributes": []
        }
      ]
    },
    {
      "mode": "managed",
      "type": "digitalocean_droplet",
      "name": "postgresql-server",
      "provider": "provider[\"registry.terraform.io/digitalocean/digitalocean\"]",
      "instances": [
        {
          "schema_version": 1,
          "attributes": {
            "backups": false,
            "created_at": "2022-04-18T12:39:44Z",
            "disk": 25,
            "id": "295860010",
            "image": "ubuntu-20-04-x64",
            "ipv4_address": "139.59.83.5",
            "ipv4_address_private": "10.122.0.2",
            "ipv6": false,
            "ipv6_address": "",
            "ipv6_address_private": null,
            "locked": false,
            "memory": 1024,
            "monitoring": false,
            "name": "postgresql-server",
            "price_hourly": 0.00744,
            "price_monthly": 5,
            "private_networking": true,
            "region": "blr1",
            "resize_disk": true,
            "size": "s-1vcpu-1gb",
            "ssh_keys": [
              "34260844"
            ],
            "status": "active",
            "tags": null,
            "urn": "do:droplet:295860010",
            "user_data": null,
            "vcpus": 1,
            "volume_ids": [],
            "vpc_uuid": "296df9f2-cda0-40fc-986a-e269ac274871"
          },
          "sensitive_attributes": [],
          "private": "eyJzY2hlbWFfdmVyc2lvbiI6IjEifQ==",
          "dependencies": [
            "data.digitalocean_ssh_key.terraform"
          ]
        }
      ]
    }
  ]
}
